{
  "name": "blessed-examples",
  "version": "0.0.1",
  "lockfileVersion": 3,
  "requires": true,
  "packages": {
    "": {
      "name": "blessed-examples",
      "version": "0.0.1",
      "license": "MIT",
      "dependencies": {
        "blessed": "^0.1.81",
        "blessed-contrib": "^1.0.11",
        "child_process": "^1.0.2",
        "fs": "0.0.1-security"
      }
    },
    "node_modules/abbrev": {
      "version": "1.1.1",
      "resolved": "https://registry.npmjs.org/abbrev/-/abbrev-1.1.1.tgz",
      "integrity": "sha512-nne9/IiQ/hzIhY6pdDnbBtz7DjPTKrY00P/zvPSm5pOFkl6xuGrGnXn/VtTNNfNtAfZ9/1RtehkszU9qcTii0Q=="
    },
    "node_modules/ansi-term": {
      "version": "0.0.2",
      "resolved": "https://registry.npmjs.org/ansi-term/-/ansi-term-0.0.2.tgz",
      "integrity": "sha1-/XU++kvq2g6smZgbxSo/b/AZ3rc=",
      "dependencies": {
        "x256": ">=0.0.1"
      }
    },
    "node_modules/blessed": {
      "version": "0.1.81",
      "resolved": "https://registry.npmjs.org/blessed/-/blessed-0.1.81.tgz",
      "integrity": "sha1-+WLWh+wsNpVwrnGvhDJW5tDKESk=",
      "bin": {
        "blessed": "bin/tput.js"
      },
      "engines": {
        "node": ">= 0.8.0"
      }
    },
    "node_modules/blessed-contrib": {
      "version": "1.0.11",
      "resolved": "https://registry.npmjs.org/blessed-contrib/-/blessed-contrib-1.0.11.tgz",
      "integrity": "sha512-8yvelHEL2SUVgedTZrTn7Bq7v1J8bh+e751LiyJ+HamZGcNvtcn8ZarQRq53lzlP3wjc8B8iPi2X5OY9iNe62Q==",
      "dependencies": {
        "ansi-term": ">=0.0.1",
        "drawille-canvas-blessed-contrib": ">=0.0.1",
        "map-canvas": ">=0.0.4",
        "memory-streams": "^0.1.0",
        "picture-tube": "0.0.4",
        "sparkline": "^0.1.1",
        "term-canvas": "0.0.5"
      }
    },
    "node_modules/bresenham": {
      "version": "0.0.3",
      "resolved": "https://registry.npmjs.org/bresenham/-/bresenham-0.0.3.tgz",
      "integrity": "sha1-q9q55bGU4nx1fNMU2ERDFPKZh3o="
    },
    "node_modules/buffers": {
      "version": "0.1.1",
      "resolved": "https://registry.npmjs.org/buffers/-/buffers-0.1.1.tgz",
      "integrity": "sha512-9q/rDEGSb/Qsvv2qvzIzdluL5k7AaJOTrw23z9reQthrbF7is4CtlT0DXyO1oei2DCp4uojjzQ7igaSHp1kAEQ==",
      "engines": {
        "node": ">=0.2.0"
      }
    },
    "node_modules/charm": {
      "version": "0.1.2",
      "resolved": "https://registry.npmjs.org/charm/-/charm-0.1.2.tgz",
      "integrity": "sha512-syedaZ9cPe7r3hoQA9twWYKu5AIyCswN5+szkmPBe9ccdLrj4bYaCnLVPTLd2kgVRc7+zoX4tyPgRnFKCj5YjQ=="
    },
    "node_modules/child_process": {
      "version": "1.0.2",
      "resolved": "https://registry.npmjs.org/child_process/-/child_process-1.0.2.tgz",
      "integrity": "sha1-sffn/HPSXn/R1FWtyU4UODAYK1o="
    },
    "node_modules/core-util-is": {
      "version": "1.0.2",
      "resolved": "https://registry.npmjs.org/core-util-is/-/core-util-is-1.0.2.tgz",
      "integrity": "sha1-tf1UIgqivFq1eqtxQMlAdUUDwac="
    },
    "node_modules/drawille-blessed-contrib": {
      "version": "1.0.0",
      "resolved": "https://registry.npmjs.org/drawille-blessed-contrib/-/drawille-blessed-contrib-1.0.0.tgz",
      "integrity": "sha1-FcJ5NPV6AFatE1luFWFje8lB8Lc="
    },
    "node_modules/drawille-canvas-blessed-contrib": {
      "version": "0.1.3",
      "resolved": "https://registry.npmjs.org/drawille-canvas-blessed-contrib/-/drawille-canvas-blessed-contrib-0.1.3.tgz",
      "integrity": "sha1-IS8HinIr/S7MJn6oarbd3BCB/Ug=",
      "dependencies": {
        "ansi-term": ">=0.0.2",
        "bresenham": "0.0.3",
        "drawille-blessed-contrib": ">=0.0.1",
        "gl-matrix": "^2.1.0",
        "x256": ">=0.0.1"
      }
    },
    "node_modules/event-stream": {
      "version": "0.9.8",
      "resolved": "https://registry.npmjs.org/event-stream/-/event-stream-0.9.8.tgz",
      "integrity": "sha512-o5h0Mp1bkoR6B0i7pTCAzRy+VzdsRWH997KQD4Psb0EOPoKEIiaRx/EsOdUl7p1Ktjw7aIWvweI/OY1R9XrlUg==",
      "dependencies": {
        "optimist": "0.2"
      },
      "engines": {
        "node": "*"
      }
    },
    "node_modules/event-stream/node_modules/optimist": {
      "version": "0.2.8",
      "resolved": "https://registry.npmjs.org/optimist/-/optimist-0.2.8.tgz",
      "integrity": "sha512-Wy7E3cQDpqsTIFyW7m22hSevyTLxw850ahYv7FWsw4G6MIKVTZ8NSA95KBrQ95a4SMsMr1UGUUnwEFKhVaSzIg==",
      "dependencies": {
        "wordwrap": ">=0.0.1 <0.1.0"
      },
      "engines": {
        "node": "*"
      }
    },
    "node_modules/fs": {
      "version": "0.0.1-security",
      "resolved": "https://registry.npmjs.org/fs/-/fs-0.0.1-security.tgz",
      "integrity": "sha1-invTcYa23d84E/I4WLV+yq9eQdQ="
    },
    "node_modules/gl-matrix": {
      "version": "2.4.0",
      "resolved": "https://registry.npmjs.org/gl-matrix/-/gl-matrix-2.4.0.tgz",
      "integrity": "sha1-IImxMwGinuyCLZ2Z3/wfeO6aPFA="
    },
    "node_modules/here": {
      "version": "0.0.2",
      "resolved": "https://registry.npmjs.org/here/-/here-0.0.2.tgz",
      "integrity": "sha1-acGvPwISHz2HiOAuhNyLOQXXEZU="
    },
    "node_modules/inherits": {
      "version": "2.0.3",
      "resolved": "https://registry.npmjs.org/inherits/-/inherits-2.0.3.tgz",
      "integrity": "sha1-Yzwsg+PaQqUC9SRmAiSA9CCCYd4="
    },
    "node_modules/isarray": {
      "version": "0.0.1",
      "resolved": "https://registry.npmjs.org/isarray/-/isarray-0.0.1.tgz",
      "integrity": "sha1-ihis/Kmo9Bd+Cav8YDiTmwXR7t8="
    },
    "node_modules/map-canvas": {
      "version": "0.1.5",
      "resolved": "https://registry.npmjs.org/map-canvas/-/map-canvas-0.1.5.tgz",
      "integrity": "sha512-f7M3sOuL9+up0NCOZbb1rQpWDLZwR/ftCiNbyscjl9LUUEwrRaoumH4sz6swgs58lF21DQ0hsYOCw5C6Zz7hbg==",
      "dependencies": {
        "drawille-canvas-blessed-contrib": ">=0.0.1",
        "xml2js": "^0.4.5"
      }
    },
    "node_modules/memory-streams": {
      "version": "0.1.3",
      "resolved": "https://registry.npmjs.org/memory-streams/-/memory-streams-0.1.3.tgz",
      "integrity": "sha512-qVQ/CjkMyMInPaaRMrwWNDvf6boRZXaT/DbQeMYcCWuXPEBf1v8qChOc9OlEVQp2uOvRXa1Qu30fLmKhY6NipA==",
      "dependencies": {
        "readable-stream": "~1.0.2"
      }
    },
    "node_modules/nopt": {
      "version": "2.1.2",
      "resolved": "https://registry.npmjs.org/nopt/-/nopt-2.1.2.tgz",
      "integrity": "sha1-bMzZd7gBMqB3MdbozljCyDA8+a8=",
      "dependencies": {
        "abbrev": "1"
      },
      "bin": {
        "nopt": "bin/nopt.js"
      }
    },
    "node_modules/optimist": {
      "version": "0.3.7",
      "resolved": "https://registry.npmjs.org/optimist/-/optimist-0.3.7.tgz",
      "integrity": "sha512-TCx0dXQzVtSCg2OgY/bO9hjM9cV4XYx09TVK+s3+FhkjT6LovsLe+pPMzpWf+6yXK/hUizs2gUoTw3jHM0VaTQ==",
      "dependencies": {
        "wordwrap": "~0.0.2"
      }
    },
    "node_modules/picture-tube": {
      "version": "0.0.4",
      "resolved": "https://registry.npmjs.org/picture-tube/-/picture-tube-0.0.4.tgz",
      "integrity": "sha512-Yj+UY2U9XEsvzve/K0bOmcYO4UkRE4c7SbFkA8e7vwexiOjCbacHbaqXT3EyKHTQMPFnldYzrdaCZ9a5Eciz7g==",
      "dependencies": {
        "buffers": "~0.1.1",
        "charm": "~0.1.0",
        "event-stream": "~0.9.8",
        "optimist": "~0.3.4",
        "png-js": "~0.1.0",
        "request": "~2.9.202",
        "x256": "~0.0.1"
      },
      "bin": {
        "picture-tube": "bin/tube.js"
      },
      "engines": {
        "node": ">=0.4.0"
      }
    },
    "node_modules/png-js": {
      "version": "0.1.1",
      "resolved": "https://registry.npmjs.org/png-js/-/png-js-0.1.1.tgz",
      "integrity": "sha512-NTtk2SyfjBm+xYl2/VZJBhFnTQ4kU5qWC7VC4/iGbrgiU4FuB4xC+74erxADYJIqZICOR1HCvRA7EBHkpjTg9g=="
    },
    "node_modules/readable-stream": {
      "version": "1.0.34",
      "resolved": "https://registry.npmjs.org/readable-stream/-/readable-stream-1.0.34.tgz",
      "integrity": "sha1-Elgg40vIQtLyqq+v5MKRbuMsFXw=",
      "dependencies": {
        "core-util-is": "~1.0.0",
        "inherits": "~2.0.1",
        "isarray": "0.0.1",
        "string_decoder": "~0.10.x"
      }
    },
    "node_modules/request": {
      "version": "2.9.203",
      "resolved": "https://registry.npmjs.org/request/-/request-2.9.203.tgz",
      "integrity": "sha512-OWtna9w7yRI/gcfu3VaURgIwE1FHgbz5+fHGQ9GJTHcJ4+uvHnDjXd+N7mVDOv5+1fp1CRPzUSY2wcM345Z2Fw==",
      "deprecated": "request has been deprecated, see https://github.com/request/request/issues/3142",
      "engines": [
        "node >= 0.3.6"
      ]
    },
    "node_modules/sax": {
      "version": "1.2.4",
      "resolved": "https://registry.npmjs.org/sax/-/sax-1.2.4.tgz",
      "integrity": "sha512-NqVDv9TpANUjFm0N8uM5GxL36UgKi9/atZw+x7YFnQ8ckwFGKrl4xX4yWtrey3UJm5nP1kUbnYgLopqWNSRhWw=="
    },
    "node_modules/sparkline": {
      "version": "0.1.2",
      "resolved": "https://registry.npmjs.org/sparkline/-/sparkline-0.1.2.tgz",
      "integrity": "sha1-w73kYlKxNU5xDEsgDVSBa9nwejI=",
      "dependencies": {
        "here": "0.0.2",
        "nopt": "~2.1.2"
      },
      "bin": {
        "sparkline": "bin/sparkline"
      },
      "engines": {
        "node": ">= 0.8.0"
      }
    },
    "node_modules/string_decoder": {
      "version": "0.10.31",
      "resolved": "https://registry.npmjs.org/string_decoder/-/string_decoder-0.10.31.tgz",
      "integrity": "sha1-YuIDvEF2bGwoyfyEMB2rHFMQ+pQ="
    },
    "node_modules/term-canvas": {
      "version": "0.0.5",
      "resolved": "https://registry.npmjs.org/term-canvas/-/term-canvas-0.0.5.tgz",
      "integrity": "sha1-WXr6wvpjaabxeGC86cX2bW6gypY="
    },
    "node_modules/wordwrap": {
      "version": "0.0.3",
      "resolved": "https://registry.npmjs.org/wordwrap/-/wordwrap-0.0.3.tgz",
      "integrity": "sha512-1tMA907+V4QmxV7dbRvb4/8MaRALK6q9Abid3ndMYnbyo8piisCmeONVqVSXqQA3KaP4SLt5b7ud6E2sqP8TFw==",
      "engines": {
        "node": ">=0.4.0"
      }
    },
    "node_modules/x256": {
      "version": "0.0.2",
      "resolved": "https://registry.npmjs.org/x256/-/x256-0.0.2.tgz",
      "integrity": "sha1-ya8Yh296F1gB1WT+cK2egxd4STQ=",
      "engines": {
        "node": ">=0.4.0"
      }
    },
    "node_modules/xml2js": {
      "version": "0.4.23",
      "resolved": "https://registry.npmjs.org/xml2js/-/xml2js-0.4.23.tgz",
      "integrity": "sha512-ySPiMjM0+pLDftHgXY4By0uswI3SPKLDw/i3UXbnO8M/p28zqexCUoPmQFrYD+/1BzhGJSs2i1ERWKJAtiLrug==",
      "dependencies": {
        "sax": ">=0.6.0",
        "xmlbuilder": "~11.0.0"
      },
      "engines": {
        "node": ">=4.0.0"
      }
    },
    "node_modules/xmlbuilder": {
      "version": "11.0.1",
      "resolved": "https://registry.npmjs.org/xmlbuilder/-/xmlbuilder-11.0.1.tgz",
      "integrity": "sha512-fDlsI/kFEx7gLvbecc0/ohLG50fugQp8ryHzMTuW9vSa1GJ0XYWKnhsUx7oie3G98+r56aTQIUB4kht42R3JvA==",
      "engines": {
        "node": ">=4.0"
      }
    }
  }
}
